<?xml version="1.0" encoding="utf-8"?>
<Project ToolsVersion="4.0" xmlns="http://schemas.microsoft.com/developer/msbuild/2003">
  <ItemGroup>
    <Filter Include="Main">
      <UniqueIdentifier>{750e0c8c-78cc-44e3-8237-e9726656861e}</UniqueIdentifier>
    </Filter>
    <Filter Include="Common">
      <UniqueIdentifier>{1b45e466-4f14-4866-9017-3ee181ba785a}</UniqueIdentifier>
    </Filter>
    <Filter Include="Players">
      <UniqueIdentifier>{5e455993-7de2-4d30-8d14-d5b2b766efe3}</UniqueIdentifier>
    </Filter>
    <Filter Include="Game States">
      <UniqueIdentifier>{ea6b630c-7bd4-4d50-a91c-58ca6aa55351}</UniqueIdentifier>
    </Filter>
    <Filter Include="Game States\Child State Classes">
      <UniqueIdentifier>{8cf3cc49-4723-4758-9273-3652358a6042}</UniqueIdentifier>
    </Filter>
    <Filter Include="Game States\Base State Class">
      <UniqueIdentifier>{15c60e69-0063-4a03-a0c7-48b4429d2596}</UniqueIdentifier>
    </Filter>
    <Filter Include="Game States\State Control Class">
      <UniqueIdentifier>{3807e616-d5a7-4f6a-89b2-975776c646e1}</UniqueIdentifier>
    </Filter>
    <Filter Include="Utilities">
      <UniqueIdentifier>{a86d0a96-6469-48fe-b8af-e72291515034}</UniqueIdentifier>
    </Filter>
    <Filter Include="Entities">
      <UniqueIdentifier>{c1c3bb3f-a22a-4b5d-b732-0b702e77b66e}</UniqueIdentifier>
    </Filter>
    <Filter Include="Entities\Game Objects">
      <UniqueIdentifier>{da0611d9-7fc0-4456-b305-66d42df82345}</UniqueIdentifier>
    </Filter>
    <Filter Include="Entities\Sound">
      <UniqueIdentifier>{71d20e95-d1f2-49a8-b5b7-29d580b44e67}</UniqueIdentifier>
    </Filter>
    <Filter Include="Entities\Particle Emitter">
      <UniqueIdentifier>{b3e0c94e-7991-42cd-9127-3e15689bf89c}</UniqueIdentifier>
    </Filter>
    <Filter Include="World Representation">
      <UniqueIdentifier>{3b89b084-9304-452b-bf7c-a8b58dc0f32a}</UniqueIdentifier>
    </Filter>
    <Filter Include="Entities\Game Objects\Base">
      <UniqueIdentifier>{3e8fd32b-431b-4a78-9251-706b15a5c70d}</UniqueIdentifier>
    </Filter>
    <Filter Include="Entities\Game Objects\Child">
      <UniqueIdentifier>{1e217bd3-2343-4b08-af8c-6ba3023d6e29}</UniqueIdentifier>
    </Filter>
    <Filter Include="Entities\Game Objects\Child\Agent">
      <UniqueIdentifier>{d1b9cebb-be45-4f2b-b6d8-d1d4e740871c}</UniqueIdentifier>
    </Filter>
    <Filter Include="Entities\Game Objects\Child\Resource">
      <UniqueIdentifier>{d5271a17-40d2-41dc-a7af-916d633b88d5}</UniqueIdentifier>
    </Filter>
    <Filter Include="Entities\Game Objects\Child\Structure">
      <UniqueIdentifier>{77e926b3-2d1e-41ab-9bb2-215519c76de2}</UniqueIdentifier>
    </Filter>
    <Filter Include="Entities\Game Objects\Child\Agent\Base">
      <UniqueIdentifier>{aecc5f8e-a375-422d-8188-7dc2364765eb}</UniqueIdentifier>
    </Filter>
    <Filter Include="Entities\Game Objects\Child\Agent\Child">
      <UniqueIdentifier>{da77e5ce-a281-4caa-9a6f-13e775607c19}</UniqueIdentifier>
    </Filter>
    <Filter Include="Entities\Game Objects\Child\Agent\Child\Air Units">
      <UniqueIdentifier>{5521f074-0422-48f9-a834-2bb7db649e12}</UniqueIdentifier>
    </Filter>
    <Filter Include="Entities\Game Objects\Child\Agent\Child\Space Units">
      <UniqueIdentifier>{179080e0-718e-49f1-afae-9c3e518c92b6}</UniqueIdentifier>
    </Filter>
    <Filter Include="Entities\Game Objects\Child\Agent\Child\Ground Units">
      <UniqueIdentifier>{3a69434f-758f-48b4-8094-a88d79de6ef4}</UniqueIdentifier>
    </Filter>
    <Filter Include="Entities\Game Objects\Child\Agent\Child\Space Units\Base">
      <UniqueIdentifier>{d0c35386-ec3b-4d22-b4f6-f2fea4a64332}</UniqueIdentifier>
    </Filter>
    <Filter Include="Entities\Game Objects\Child\Agent\Child\Ground Units\Base">
      <UniqueIdentifier>{66e4031d-2f3d-4d9f-bb8a-54ab5ad89b77}</UniqueIdentifier>
    </Filter>
    <Filter Include="Entities\Game Objects\Child\Agent\Child\Ground Units\Child">
      <UniqueIdentifier>{f336e3c0-12be-4ed3-81d6-8ff8a41279ba}</UniqueIdentifier>
    </Filter>
    <Filter Include="Entities\Particle Emitter\Base">
      <UniqueIdentifier>{14fb83f3-61ee-4c33-936f-d207cfc40f30}</UniqueIdentifier>
    </Filter>
    <Filter Include="Entities\Particle Emitter\Child">
      <UniqueIdentifier>{bd62a927-a642-4ccd-bfb8-3040f8b62006}</UniqueIdentifier>
    </Filter>
    <Filter Include="Entities\Particles">
      <UniqueIdentifier>{6467cfc2-0956-4ff9-b269-e9e3bd60801f}</UniqueIdentifier>
    </Filter>
    <Filter Include="Entities\Game Objects\Child\Agent\Child\Air Units\Base">
      <UniqueIdentifier>{e091b7a3-38a8-449c-b084-0f228ef67c70}</UniqueIdentifier>
    </Filter>
    <Filter Include="Entities\Game Objects\Child\Agent\Child\Air Units\Child">
      <UniqueIdentifier>{38d4b859-20d6-421f-b3e2-654180ac4c5d}</UniqueIdentifier>
    </Filter>
    <Filter Include="Entities\Game Objects\Child\Structure\Base">
      <UniqueIdentifier>{26a35360-28e7-4af4-b6de-fb468669fbcd}</UniqueIdentifier>
    </Filter>
    <Filter Include="Entities\Game Objects\Child\Structure\Child">
      <UniqueIdentifier>{28175e33-182d-4c32-ba1e-349f63b59912}</UniqueIdentifier>
    </Filter>
    <Filter Include="Entities\Game Objects\Child\Structure\Child\Static">
      <UniqueIdentifier>{c2980e79-3c28-4bd8-a233-804a953e4881}</UniqueIdentifier>
    </Filter>
    <Filter Include="Entities\Game Objects\Child\Structure\Child\Production">
      <UniqueIdentifier>{1cbd3ad1-4b5e-4720-8075-165d0fbadab6}</UniqueIdentifier>
    </Filter>
    <Filter Include="Entities\Game Objects\Child\Structure\Child\Production\Base">
      <UniqueIdentifier>{988f354f-9591-4663-ba0f-3b9d59e78460}</UniqueIdentifier>
    </Filter>
    <Filter Include="Entities\Game Objects\Child\Structure\Child\Production\Child">
      <UniqueIdentifier>{d2099c92-b630-4d8f-ac08-6b126b1db062}</UniqueIdentifier>
    </Filter>
    <Filter Include="Entities\Game Objects\Child\Structure\Child\Static\Base">
      <UniqueIdentifier>{8a2d9b0e-b623-4228-ab92-4990c3732485}</UniqueIdentifier>
    </Filter>
    <Filter Include="Entities\Game Objects\Child\Structure\Child\Static\Child">
      <UniqueIdentifier>{5e5b40ae-1cf4-44ed-8f9b-4050755ad5d4}</UniqueIdentifier>
    </Filter>
    <Filter Include="World Representation\Grid">
      <UniqueIdentifier>{e4a6ddda-9bf7-4e3f-a561-46cac21eaea0}</UniqueIdentifier>
    </Filter>
    <Filter Include="World Representation\Tile">
      <UniqueIdentifier>{d4c460e8-023b-4bf2-b5b5-dd1d33d2d74c}</UniqueIdentifier>
    </Filter>
    <Filter Include="Entities\Game Objects\Child\Agent\Child\Space Units\Child">
      <UniqueIdentifier>{3547574b-3f36-4f7e-bb83-a44824ded56a}</UniqueIdentifier>
    </Filter>
    <Filter Include="Players\Player Manager">
      <UniqueIdentifier>{96267506-67be-41b8-a5fe-1bbaca7bd42d}</UniqueIdentifier>
    </Filter>
    <Filter Include="Players\Player">
      <UniqueIdentifier>{e613033a-4474-4f15-a0c9-a18ad58d9c1e}</UniqueIdentifier>
    </Filter>
    <Filter Include="Pathfinding">
      <UniqueIdentifier>{a81d0aa8-8853-4b39-93db-5616bbedfd4b}</UniqueIdentifier>
    </Filter>
  </ItemGroup>
  <ItemGroup>
    <ClCompile Include="ProfSkillsDefiantWorlds.cpp">
      <Filter>Main</Filter>
    </ClCompile>
    <ClCompile Include="Common.cpp">
      <Filter>Common</Filter>
    </ClCompile>
    <ClCompile Include="MenuState.cpp">
      <Filter>Game States\Child State Classes</Filter>
    </ClCompile>
    <ClCompile Include="SpaceState.cpp">
      <Filter>Game States\Child State Classes</Filter>
    </ClCompile>
    <ClCompile Include="WorldState.cpp">
      <Filter>Game States\Child State Classes</Filter>
    </ClCompile>
    <ClCompile Include="BaseGameState.cpp">
      <Filter>Game States\Base State Class</Filter>
    </ClCompile>
    <ClCompile Include="GameStateControl.cpp">
      <Filter>Game States\State Control Class</Filter>
    </ClCompile>
    <ClCompile Include="Randomiser.cpp">
      <Filter>Utilities</Filter>
    </ClCompile>
    <ClCompile Include="GameObject.cpp">
      <Filter>Entities\Game Objects\Base</Filter>
    </ClCompile>
    <ClCompile Include="GameAgent.cpp">
      <Filter>Entities\Game Objects\Child\Agent\Base</Filter>
    </ClCompile>
    <ClCompile Include="SoundObject.cpp">
      <Filter>Entities\Sound</Filter>
    </ClCompile>
    <ClCompile Include="SpaceUnit.cpp">
      <Filter>Entities\Game Objects\Child\Agent\Child\Space Units\Base</Filter>
    </ClCompile>
    <ClCompile Include="Mothership.cpp">
      <Filter>Entities\Game Objects\Child\Agent\Child\Space Units\Child</Filter>
    </ClCompile>
    <ClCompile Include="SpaceFighter.cpp">
      <Filter>Entities\Game Objects\Child\Agent\Child\Space Units\Child</Filter>
    </ClCompile>
    <ClCompile Include="Transport.cpp">
      <Filter>Entities\Game Objects\Child\Agent\Child\Space Units\Child</Filter>
    </ClCompile>
    <ClCompile Include="GroundUnit.cpp">
      <Filter>Entities\Game Objects\Child\Agent\Child\Ground Units\Base</Filter>
    </ClCompile>
    <ClCompile Include="Worker.cpp">
      <Filter>Entities\Game Objects\Child\Agent\Child\Ground Units\Child</Filter>
    </ClCompile>
    <ClCompile Include="Infantry.cpp">
      <Filter>Entities\Game Objects\Child\Agent\Child\Ground Units\Child</Filter>
    </ClCompile>
    <ClCompile Include="Tank.cpp">
      <Filter>Entities\Game Objects\Child\Agent\Child\Ground Units\Child</Filter>
    </ClCompile>
    <ClCompile Include="Artillery.cpp">
      <Filter>Entities\Game Objects\Child\Agent\Child\Ground Units\Child</Filter>
    </ClCompile>
    <ClCompile Include="ParticleEmitter.cpp">
      <Filter>Entities\Particle Emitter\Base</Filter>
    </ClCompile>
    <ClCompile Include="AirUnit.cpp">
      <Filter>Entities\Game Objects\Child\Agent\Child\Air Units\Base</Filter>
    </ClCompile>
    <ClCompile Include="Bomber.cpp">
      <Filter>Entities\Game Objects\Child\Agent\Child\Air Units\Child</Filter>
    </ClCompile>
    <ClCompile Include="Fighter.cpp">
      <Filter>Entities\Game Objects\Child\Agent\Child\Air Units\Child</Filter>
    </ClCompile>
    <ClCompile Include="Minerals.cpp">
      <Filter>Entities\Game Objects\Child\Resource</Filter>
    </ClCompile>
    <ClCompile Include="Structure.cpp">
      <Filter>Entities\Game Objects\Child\Structure\Base</Filter>
    </ClCompile>
    <ClCompile Include="StaticStructure.cpp">
      <Filter>Entities\Game Objects\Child\Structure\Child\Static\Base</Filter>
    </ClCompile>
    <ClCompile Include="House.cpp">
      <Filter>Entities\Game Objects\Child\Structure\Child\Static\Child</Filter>
    </ClCompile>
    <ClCompile Include="ProductionStructure.cpp">
      <Filter>Entities\Game Objects\Child\Structure\Child\Production\Base</Filter>
    </ClCompile>
    <ClCompile Include="ComCentre.cpp">
      <Filter>Entities\Game Objects\Child\Structure\Child\Production\Child</Filter>
    </ClCompile>
    <ClCompile Include="SpaceCentre.cpp">
      <Filter>Entities\Game Objects\Child\Structure\Child\Production\Child</Filter>
    </ClCompile>
    <ClCompile Include="Barracks.cpp">
      <Filter>Entities\Game Objects\Child\Structure\Child\Production\Child</Filter>
    </ClCompile>
    <ClCompile Include="Hellipad.cpp">
      <Filter>Entities\Game Objects\Child\Structure\Child\Production\Child</Filter>
    </ClCompile>
    <ClCompile Include="Particles.cpp">
      <Filter>Entities\Particles</Filter>
    </ClCompile>
    <ClCompile Include="Smoke.cpp">
      <Filter>Entities\Particle Emitter\Child</Filter>
    </ClCompile>
    <ClCompile Include="Explosion.cpp">
      <Filter>Entities\Particle Emitter\Child</Filter>
    </ClCompile>
    <ClCompile Include="Grid.cpp">
      <Filter>World Representation\Grid</Filter>
    </ClCompile>
    <ClCompile Include="Tile.cpp">
      <Filter>World Representation\Tile</Filter>
    </ClCompile>
    <ClCompile Include="Fleet.cpp">
      <Filter>Utilities</Filter>
    </ClCompile>
    <ClCompile Include="Player.cpp">
      <Filter>Players\Player</Filter>
    </ClCompile>
    <ClCompile Include="PlayerManager.cpp">
      <Filter>Players\Player Manager</Filter>
    </ClCompile>
    <ClCompile Include="AIPlayer.cpp">
      <Filter>Players\Player</Filter>
    </ClCompile>
    <ClCompile Include="BuildRequest.cpp">
      <Filter>Utilities</Filter>
    </ClCompile>
    <ClCompile Include="BestFirst.cpp">
      <Filter>Pathfinding</Filter>
    </ClCompile>
    <ClCompile Include="NewsTicker.cpp">
      <Filter>Utilities</Filter>
    </ClCompile>
    <ClCompile Include="SettingsScreenState.cpp">
      <Filter>Game States\Child State Classes</Filter>
    </ClCompile>
    <ClCompile Include="SliderTool.cpp">
      <Filter>Utilities</Filter>
    </ClCompile>
    <ClCompile Include="SettingsManager.cpp">
      <Filter>Utilities</Filter>
    </ClCompile>
    <ClCompile Include="Wall.cpp">
      <Filter>Entities\Game Objects\Child\Structure\Child\Static\Child</Filter>
    </ClCompile>
  </ItemGroup>
  <ItemGroup>
    <ClInclude Include="Common.h">
      <Filter>Common</Filter>
    </ClInclude>
    <ClInclude Include="MenuState.h">
      <Filter>Game States\Child State Classes</Filter>
    </ClInclude>
    <ClInclude Include="SpaceState.h">
      <Filter>Game States\Child State Classes</Filter>
    </ClInclude>
    <ClInclude Include="WorldState.h">
      <Filter>Game States\Child State Classes</Filter>
    </ClInclude>
    <ClInclude Include="BaseGameState.h">
      <Filter>Game States\Base State Class</Filter>
    </ClInclude>
    <ClInclude Include="GameStateControl.h">
      <Filter>Game States\State Control Class</Filter>
    </ClInclude>
    <ClInclude Include="Randomiser.h">
      <Filter>Utilities</Filter>
    </ClInclude>
    <ClInclude Include="GameObject.h">
      <Filter>Entities\Game Objects\Base</Filter>
    </ClInclude>
    <ClInclude Include="GameAgent.h">
      <Filter>Entities\Game Objects\Child\Agent\Base</Filter>
    </ClInclude>
    <ClInclude Include="SoundObject.h">
      <Filter>Entities\Sound</Filter>
    </ClInclude>
    <ClInclude Include="SpaceUnit.h">
      <Filter>Entities\Game Objects\Child\Agent\Child\Space Units\Base</Filter>
    </ClInclude>
    <ClInclude Include="Mothership.h">
      <Filter>Entities\Game Objects\Child\Agent\Child\Space Units\Child</Filter>
    </ClInclude>
    <ClInclude Include="SpaceFighter.h">
      <Filter>Entities\Game Objects\Child\Agent\Child\Space Units\Child</Filter>
    </ClInclude>
    <ClInclude Include="Transport.h">
      <Filter>Entities\Game Objects\Child\Agent\Child\Space Units\Child</Filter>
    </ClInclude>
    <ClInclude Include="GroundUnit.h">
      <Filter>Entities\Game Objects\Child\Agent\Child\Ground Units\Base</Filter>
    </ClInclude>
    <ClInclude Include="Worker.h">
      <Filter>Entities\Game Objects\Child\Agent\Child\Ground Units\Child</Filter>
    </ClInclude>
    <ClInclude Include="Infantry.h">
      <Filter>Entities\Game Objects\Child\Agent\Child\Ground Units\Child</Filter>
    </ClInclude>
    <ClInclude Include="Tank.h">
      <Filter>Entities\Game Objects\Child\Agent\Child\Ground Units\Child</Filter>
    </ClInclude>
    <ClInclude Include="Artillery.h">
      <Filter>Entities\Game Objects\Child\Agent\Child\Ground Units\Child</Filter>
    </ClInclude>
    <ClInclude Include="ParticleEmitter.h">
      <Filter>Entities\Particle Emitter\Base</Filter>
    </ClInclude>
    <ClInclude Include="Particles.h">
      <Filter>Entities\Particles</Filter>
    </ClInclude>
    <ClInclude Include="AirUnit.h">
      <Filter>Entities\Game Objects\Child\Agent\Child\Air Units\Base</Filter>
    </ClInclude>
    <ClInclude Include="Bomber.h">
      <Filter>Entities\Game Objects\Child\Agent\Child\Air Units\Child</Filter>
    </ClInclude>
    <ClInclude Include="Fighter.h">
      <Filter>Entities\Game Objects\Child\Agent\Child\Air Units\Child</Filter>
    </ClInclude>
    <ClInclude Include="Minerals.h">
      <Filter>Entities\Game Objects\Child\Resource</Filter>
    </ClInclude>
    <ClInclude Include="Structure.h">
      <Filter>Entities\Game Objects\Child\Structure\Base</Filter>
    </ClInclude>
    <ClInclude Include="StaticStructure.h">
      <Filter>Entities\Game Objects\Child\Structure\Child\Static\Base</Filter>
    </ClInclude>
    <ClInclude Include="House.h">
      <Filter>Entities\Game Objects\Child\Structure\Child\Static\Child</Filter>
    </ClInclude>
    <ClInclude Include="ProductionStructure.h">
      <Filter>Entities\Game Objects\Child\Structure\Child\Production\Base</Filter>
    </ClInclude>
    <ClInclude Include="ComCentre.h">
      <Filter>Entities\Game Objects\Child\Structure\Child\Production\Child</Filter>
    </ClInclude>
    <ClInclude Include="SpaceCentre.h">
      <Filter>Entities\Game Objects\Child\Structure\Child\Production\Child</Filter>
    </ClInclude>
    <ClInclude Include="Barracks.h">
      <Filter>Entities\Game Objects\Child\Structure\Child\Production\Child</Filter>
    </ClInclude>
    <ClInclude Include="Hellipad.h">
      <Filter>Entities\Game Objects\Child\Structure\Child\Production\Child</Filter>
    </ClInclude>
    <ClInclude Include="Smoke.h">
      <Filter>Entities\Particle Emitter\Child</Filter>
    </ClInclude>
    <ClInclude Include="Explosion.h">
      <Filter>Entities\Particle Emitter\Child</Filter>
    </ClInclude>
    <ClInclude Include="Grid.h">
      <Filter>World Representation\Grid</Filter>
    </ClInclude>
    <ClInclude Include="Tile.h">
      <Filter>World Representation\Tile</Filter>
    </ClInclude>
    <ClInclude Include="Fleet.h">
      <Filter>Utilities</Filter>
    </ClInclude>
    <ClInclude Include="Player.h">
      <Filter>Players\Player</Filter>
    </ClInclude>
    <ClInclude Include="PlayerManager.h">
      <Filter>Players\Player Manager</Filter>
    </ClInclude>
    <ClInclude Include="AdvancedButton.h">
      <Filter>Utilities</Filter>
    </ClInclude>
    <ClInclude Include="AIPlayer.h">
      <Filter>Players\Player</Filter>
    </ClInclude>
    <ClInclude Include="BuildRequest.h">
      <Filter>Utilities</Filter>
    </ClInclude>
    <ClInclude Include="BestFirst.h">
      <Filter>Pathfinding</Filter>
    </ClInclude>
    <ClInclude Include="NewsTicker.h">
      <Filter>Utilities</Filter>
    </ClInclude>
    <ClInclude Include="SettingsScreenState.h">
      <Filter>Game States\Child State Classes</Filter>
    </ClInclude>
    <ClInclude Include="SliderTool.h">
      <Filter>Utilities</Filter>
    </ClInclude>
    <ClInclude Include="SettingsManager.h">
      <Filter>Utilities</Filter>
    </ClInclude>
    <ClInclude Include="Wall.h">
      <Filter>Entities\Game Objects\Child\Structure\Child\Static\Child</Filter>
    </ClInclude>
  </ItemGroup>
</Project>