<?xml version="1.0" encoding="utf-8"?>
<Project ToolsVersion="4.0" xmlns="http://schemas.microsoft.com/developer/msbuild/2003">
  <ItemGroup>
    <None Include="ReadMe.txt" />
  </ItemGroup>
  <ItemGroup>
    <Filter Include="Main">
      <UniqueIdentifier>{750e0c8c-78cc-44e3-8237-e9726656861e}</UniqueIdentifier>
    </Filter>
    <Filter Include="Common">
      <UniqueIdentifier>{1b45e466-4f14-4866-9017-3ee181ba785a}</UniqueIdentifier>
    </Filter>
    <Filter Include="Players">
      <UniqueIdentifier>{5e455993-7de2-4d30-8d14-d5b2b766efe3}</UniqueIdentifier>
    </Filter>
    <Filter Include="Game States">
      <UniqueIdentifier>{ea6b630c-7bd4-4d50-a91c-58ca6aa55351}</UniqueIdentifier>
    </Filter>
    <Filter Include="Game States\Child State Classes">
      <UniqueIdentifier>{8cf3cc49-4723-4758-9273-3652358a6042}</UniqueIdentifier>
    </Filter>
    <Filter Include="Players\Child Player Classes">
      <UniqueIdentifier>{37f2f8e4-1825-404e-8165-3234ba1abff3}</UniqueIdentifier>
    </Filter>
    <Filter Include="Game States\Base State Class">
      <UniqueIdentifier>{15c60e69-0063-4a03-a0c7-48b4429d2596}</UniqueIdentifier>
    </Filter>
    <Filter Include="Game States\State Control Class">
      <UniqueIdentifier>{3807e616-d5a7-4f6a-89b2-975776c646e1}</UniqueIdentifier>
    </Filter>
    <Filter Include="Utilities">
      <UniqueIdentifier>{a86d0a96-6469-48fe-b8af-e72291515034}</UniqueIdentifier>
    </Filter>
    <Filter Include="Entities">
      <UniqueIdentifier>{c1c3bb3f-a22a-4b5d-b732-0b702e77b66e}</UniqueIdentifier>
    </Filter>
    <Filter Include="Players\Base Player Class">
      <UniqueIdentifier>{112eb755-6301-44a1-a454-089574fbfc12}</UniqueIdentifier>
    </Filter>
    <Filter Include="Entities\Game Objects">
      <UniqueIdentifier>{da0611d9-7fc0-4456-b305-66d42df82345}</UniqueIdentifier>
    </Filter>
    <Filter Include="Entities\Sound">
      <UniqueIdentifier>{71d20e95-d1f2-49a8-b5b7-29d580b44e67}</UniqueIdentifier>
    </Filter>
    <Filter Include="Entities\Particle Emitter">
      <UniqueIdentifier>{b3e0c94e-7991-42cd-9127-3e15689bf89c}</UniqueIdentifier>
    </Filter>
    <Filter Include="World Representation">
      <UniqueIdentifier>{3b89b084-9304-452b-bf7c-a8b58dc0f32a}</UniqueIdentifier>
    </Filter>
    <Filter Include="Entities\Game Objects\Base">
      <UniqueIdentifier>{3e8fd32b-431b-4a78-9251-706b15a5c70d}</UniqueIdentifier>
    </Filter>
    <Filter Include="Entities\Game Objects\Child">
      <UniqueIdentifier>{1e217bd3-2343-4b08-af8c-6ba3023d6e29}</UniqueIdentifier>
    </Filter>
    <Filter Include="Entities\Game Objects\Child\Agent">
      <UniqueIdentifier>{d1b9cebb-be45-4f2b-b6d8-d1d4e740871c}</UniqueIdentifier>
    </Filter>
    <Filter Include="Entities\Game Objects\Child\Resource">
      <UniqueIdentifier>{d5271a17-40d2-41dc-a7af-916d633b88d5}</UniqueIdentifier>
    </Filter>
    <Filter Include="Entities\Game Objects\Child\Structure">
      <UniqueIdentifier>{77e926b3-2d1e-41ab-9bb2-215519c76de2}</UniqueIdentifier>
    </Filter>
    <Filter Include="Entities\Game Objects\Child\Agent\Base">
      <UniqueIdentifier>{aecc5f8e-a375-422d-8188-7dc2364765eb}</UniqueIdentifier>
    </Filter>
    <Filter Include="Entities\Game Objects\Child\Agent\Child">
      <UniqueIdentifier>{da77e5ce-a281-4caa-9a6f-13e775607c19}</UniqueIdentifier>
    </Filter>
    <Filter Include="Entities\Game Objects\Child\Agent\Child\Air Units">
      <UniqueIdentifier>{5521f074-0422-48f9-a834-2bb7db649e12}</UniqueIdentifier>
    </Filter>
    <Filter Include="Entities\Game Objects\Child\Agent\Child\Space Units">
      <UniqueIdentifier>{179080e0-718e-49f1-afae-9c3e518c92b6}</UniqueIdentifier>
    </Filter>
    <Filter Include="Entities\Game Objects\Child\Agent\Child\Ground Units">
      <UniqueIdentifier>{3a69434f-758f-48b4-8094-a88d79de6ef4}</UniqueIdentifier>
    </Filter>
  </ItemGroup>
  <ItemGroup>
    <ClCompile Include="ProfSkillsDefiantWorlds.cpp">
      <Filter>Main</Filter>
    </ClCompile>
    <ClCompile Include="Common.cpp">
      <Filter>Common</Filter>
    </ClCompile>
    <ClCompile Include="MenuState.cpp">
      <Filter>Game States\Child State Classes</Filter>
    </ClCompile>
    <ClCompile Include="SpaceState.cpp">
      <Filter>Game States\Child State Classes</Filter>
    </ClCompile>
    <ClCompile Include="WorldState.cpp">
      <Filter>Game States\Child State Classes</Filter>
    </ClCompile>
    <ClCompile Include="HumanPlayer.cpp">
      <Filter>Players\Child Player Classes</Filter>
    </ClCompile>
    <ClCompile Include="AIPlayer.cpp">
      <Filter>Players\Child Player Classes</Filter>
    </ClCompile>
    <ClCompile Include="BaseGameState.cpp">
      <Filter>Game States\Base State Class</Filter>
    </ClCompile>
    <ClCompile Include="GameStateControl.cpp">
      <Filter>Game States\State Control Class</Filter>
    </ClCompile>
    <ClCompile Include="Randomiser.cpp">
      <Filter>Utilities</Filter>
    </ClCompile>
    <ClCompile Include="BasePlayer.cpp">
      <Filter>Players\Base Player Class</Filter>
    </ClCompile>
    <ClCompile Include="PlayState.cpp">
      <Filter>Game States\Child State Classes</Filter>
    </ClCompile>
    <ClCompile Include="GameObject.cpp">
      <Filter>Entities\Game Objects\Base</Filter>
    </ClCompile>
    <ClCompile Include="GameAgent.cpp">
      <Filter>Entities\Game Objects\Child\Agent\Base</Filter>
    </ClCompile>
  </ItemGroup>
  <ItemGroup>
    <ClInclude Include="Common.h">
      <Filter>Common</Filter>
    </ClInclude>
    <ClInclude Include="MenuState.h">
      <Filter>Game States\Child State Classes</Filter>
    </ClInclude>
    <ClInclude Include="SpaceState.h">
      <Filter>Game States\Child State Classes</Filter>
    </ClInclude>
    <ClInclude Include="WorldState.h">
      <Filter>Game States\Child State Classes</Filter>
    </ClInclude>
    <ClInclude Include="HumanPlayer.h">
      <Filter>Players\Child Player Classes</Filter>
    </ClInclude>
    <ClInclude Include="AIPlayer.h">
      <Filter>Players\Child Player Classes</Filter>
    </ClInclude>
    <ClInclude Include="BaseGameState.h">
      <Filter>Game States\Base State Class</Filter>
    </ClInclude>
    <ClInclude Include="GameStateControl.h">
      <Filter>Game States\State Control Class</Filter>
    </ClInclude>
    <ClInclude Include="Randomiser.h">
      <Filter>Utilities</Filter>
    </ClInclude>
    <ClInclude Include="BasePlayer.h">
      <Filter>Players\Base Player Class</Filter>
    </ClInclude>
    <ClInclude Include="PlayState.h">
      <Filter>Game States\Child State Classes</Filter>
    </ClInclude>
    <ClInclude Include="GameObject.h">
      <Filter>Entities\Game Objects\Base</Filter>
    </ClInclude>
    <ClInclude Include="GameAgent.h">
      <Filter>Entities\Game Objects\Child\Agent\Base</Filter>
    </ClInclude>
  </ItemGroup>
</Project>