<?xml version="1.0" encoding="utf-8"?>
<Project ToolsVersion="4.0" xmlns="http://schemas.microsoft.com/developer/msbuild/2003">
  <ItemGroup>
    <None Include="ReadMe.txt" />
  </ItemGroup>
  <ItemGroup>
    <Filter Include="Main">
      <UniqueIdentifier>{750e0c8c-78cc-44e3-8237-e9726656861e}</UniqueIdentifier>
    </Filter>
    <Filter Include="Common">
      <UniqueIdentifier>{1b45e466-4f14-4866-9017-3ee181ba785a}</UniqueIdentifier>
    </Filter>
    <Filter Include="Players">
      <UniqueIdentifier>{5e455993-7de2-4d30-8d14-d5b2b766efe3}</UniqueIdentifier>
    </Filter>
    <Filter Include="Game States">
      <UniqueIdentifier>{ea6b630c-7bd4-4d50-a91c-58ca6aa55351}</UniqueIdentifier>
    </Filter>
    <Filter Include="Game States\Child State Classes">
      <UniqueIdentifier>{8cf3cc49-4723-4758-9273-3652358a6042}</UniqueIdentifier>
    </Filter>
    <Filter Include="Players\Child Player Classes">
      <UniqueIdentifier>{37f2f8e4-1825-404e-8165-3234ba1abff3}</UniqueIdentifier>
    </Filter>
    <Filter Include="Game States\Base State Class">
      <UniqueIdentifier>{15c60e69-0063-4a03-a0c7-48b4429d2596}</UniqueIdentifier>
    </Filter>
    <Filter Include="Game States\State Control Class">
      <UniqueIdentifier>{3807e616-d5a7-4f6a-89b2-975776c646e1}</UniqueIdentifier>
    </Filter>
    <Filter Include="Utilities">
      <UniqueIdentifier>{a86d0a96-6469-48fe-b8af-e72291515034}</UniqueIdentifier>
    </Filter>
    <Filter Include="Entities">
      <UniqueIdentifier>{c1c3bb3f-a22a-4b5d-b732-0b702e77b66e}</UniqueIdentifier>
    </Filter>
    <Filter Include="Entities\Base Entity Class">
      <UniqueIdentifier>{49851113-780c-4641-a580-952ddeec1555}</UniqueIdentifier>
    </Filter>
    <Filter Include="Entities\Units Classes">
      <UniqueIdentifier>{634f5f22-459a-4e19-bbe6-d03266236675}</UniqueIdentifier>
    </Filter>
    <Filter Include="Entities\Buildings Classes">
      <UniqueIdentifier>{e2b20cdf-3bbf-4b54-bcf5-227db41eb9f5}</UniqueIdentifier>
    </Filter>
    <Filter Include="Entities\Buildings Classes\Base">
      <UniqueIdentifier>{afce3c67-3205-4d2f-983a-153914a8a825}</UniqueIdentifier>
    </Filter>
    <Filter Include="Entities\Buildings Classes\Child">
      <UniqueIdentifier>{82ef4de0-c5c2-4af7-8e3e-d4f622e2bf13}</UniqueIdentifier>
    </Filter>
    <Filter Include="Entities\Units Classes\Base Units Class">
      <UniqueIdentifier>{34e89b49-7f84-4a83-b1fe-2a7123adc461}</UniqueIdentifier>
    </Filter>
    <Filter Include="Entities\Units Classes\Space Units">
      <UniqueIdentifier>{90a5ab22-ef04-4bb3-9e36-264568461ac8}</UniqueIdentifier>
    </Filter>
    <Filter Include="Entities\Units Classes\Ground Units">
      <UniqueIdentifier>{bfccd992-3160-447d-a8f3-7151ea695ed3}</UniqueIdentifier>
    </Filter>
    <Filter Include="Entities\Units Classes\Ait Units">
      <UniqueIdentifier>{4c00aac9-273b-42ba-be1b-23ca41ade9b6}</UniqueIdentifier>
    </Filter>
    <Filter Include="Entities\Units Classes\Ground Units\Base">
      <UniqueIdentifier>{c329c160-408b-4adf-8e5e-4eb88c2caad1}</UniqueIdentifier>
    </Filter>
    <Filter Include="Entities\Units Classes\Ground Units\Child">
      <UniqueIdentifier>{9bee837d-ac81-42f9-952a-42d82ffa5f5d}</UniqueIdentifier>
    </Filter>
    <Filter Include="Entities\Units Classes\Ait Units\Base">
      <UniqueIdentifier>{186773b0-570d-4da7-a5c9-044077fd832f}</UniqueIdentifier>
    </Filter>
    <Filter Include="Entities\Units Classes\Ait Units\Child">
      <UniqueIdentifier>{5c9ee3b8-ee48-4253-98cb-36aed0130af6}</UniqueIdentifier>
    </Filter>
    <Filter Include="Entities\Units Classes\Space Units\Base">
      <UniqueIdentifier>{6c2254bb-5215-415a-8adf-5917193b663e}</UniqueIdentifier>
    </Filter>
    <Filter Include="Entities\Units Classes\Space Units\Child">
      <UniqueIdentifier>{b4d59712-0dd0-4284-bc97-1bb4908c2356}</UniqueIdentifier>
    </Filter>
    <Filter Include="Entities\Entity Manager Class">
      <UniqueIdentifier>{bd8111d0-1868-4f8e-a1fc-ae800ca074bc}</UniqueIdentifier>
    </Filter>
  </ItemGroup>
  <ItemGroup>
    <ClCompile Include="ProfSkillsDefiantWorlds.cpp">
      <Filter>Main</Filter>
    </ClCompile>
    <ClCompile Include="Common.cpp">
      <Filter>Common</Filter>
    </ClCompile>
    <ClCompile Include="MenuState.cpp">
      <Filter>Game States\Child State Classes</Filter>
    </ClCompile>
    <ClCompile Include="SpaceState.cpp">
      <Filter>Game States\Child State Classes</Filter>
    </ClCompile>
    <ClCompile Include="WorldState.cpp">
      <Filter>Game States\Child State Classes</Filter>
    </ClCompile>
    <ClCompile Include="BasePlayer.cpp">
      <Filter>Players</Filter>
    </ClCompile>
    <ClCompile Include="HumanPlayer.cpp">
      <Filter>Players\Child Player Classes</Filter>
    </ClCompile>
    <ClCompile Include="AIPlayer.cpp">
      <Filter>Players\Child Player Classes</Filter>
    </ClCompile>
    <ClCompile Include="BaseGameState.cpp">
      <Filter>Game States\Base State Class</Filter>
    </ClCompile>
    <ClCompile Include="GameStateControl.cpp">
      <Filter>Game States\State Control Class</Filter>
    </ClCompile>
    <ClCompile Include="Randomiser.cpp">
      <Filter>Utilities</Filter>
    </ClCompile>
    <ClCompile Include="BaseEntity.cpp">
      <Filter>Entities\Base Entity Class</Filter>
    </ClCompile>
    <ClCompile Include="BaseBuilding.cpp">
      <Filter>Entities\Buildings Classes\Base</Filter>
    </ClCompile>
    <ClCompile Include="BaseUnit.cpp">
      <Filter>Entities\Units Classes\Base Units Class</Filter>
    </ClCompile>
    <ClCompile Include="EntityManager.cpp">
      <Filter>Entities\Entity Manager Class</Filter>
    </ClCompile>
    <ClCompile Include="GameManager.cpp">
      <Filter>Main</Filter>
    </ClCompile>
  </ItemGroup>
  <ItemGroup>
    <ClInclude Include="Common.h">
      <Filter>Common</Filter>
    </ClInclude>
    <ClInclude Include="MenuState.h">
      <Filter>Game States\Child State Classes</Filter>
    </ClInclude>
    <ClInclude Include="SpaceState.h">
      <Filter>Game States\Child State Classes</Filter>
    </ClInclude>
    <ClInclude Include="WorldState.h">
      <Filter>Game States\Child State Classes</Filter>
    </ClInclude>
    <ClInclude Include="BasePlayer.h">
      <Filter>Players</Filter>
    </ClInclude>
    <ClInclude Include="HumanPlayer.h">
      <Filter>Players\Child Player Classes</Filter>
    </ClInclude>
    <ClInclude Include="AIPlayer.h">
      <Filter>Players\Child Player Classes</Filter>
    </ClInclude>
    <ClInclude Include="BaseGameState.h">
      <Filter>Game States\Base State Class</Filter>
    </ClInclude>
    <ClInclude Include="GameStateControl.h">
      <Filter>Game States\State Control Class</Filter>
    </ClInclude>
    <ClInclude Include="Randomiser.h">
      <Filter>Utilities</Filter>
    </ClInclude>
    <ClInclude Include="BaseEntity.h">
      <Filter>Entities\Base Entity Class</Filter>
    </ClInclude>
    <ClInclude Include="BaseBuilding.h">
      <Filter>Entities\Buildings Classes\Base</Filter>
    </ClInclude>
    <ClInclude Include="BaseUnit.h">
      <Filter>Entities\Units Classes\Base Units Class</Filter>
    </ClInclude>
    <ClInclude Include="EntityManager.h">
      <Filter>Entities\Entity Manager Class</Filter>
    </ClInclude>
    <ClInclude Include="GameManager.h">
      <Filter>Main</Filter>
    </ClInclude>
  </ItemGroup>
</Project>