<?xml version="1.0" encoding="utf-8"?>
<Project ToolsVersion="4.0" xmlns="http://schemas.microsoft.com/developer/msbuild/2003">
  <ItemGroup>
    <None Include="ReadMe.txt" />
  </ItemGroup>
  <ItemGroup>
    <Filter Include="Main">
      <UniqueIdentifier>{750e0c8c-78cc-44e3-8237-e9726656861e}</UniqueIdentifier>
    </Filter>
    <Filter Include="Common">
      <UniqueIdentifier>{1b45e466-4f14-4866-9017-3ee181ba785a}</UniqueIdentifier>
    </Filter>
    <Filter Include="Front-End &amp; Levels">
      <UniqueIdentifier>{ea6b630c-7bd4-4d50-a91c-58ca6aa55351}</UniqueIdentifier>
    </Filter>
  </ItemGroup>
  <ItemGroup>
    <ClCompile Include="ProfSkillsDefiantWorlds.cpp">
      <Filter>Main</Filter>
    </ClCompile>
    <ClCompile Include="Common.cpp">
      <Filter>Common</Filter>
    </ClCompile>
    <ClCompile Include="FrontEnd.cpp">
      <Filter>Front-End &amp; Levels</Filter>
    </ClCompile>
  </ItemGroup>
  <ItemGroup>
    <ClInclude Include="Common.h">
      <Filter>Common</Filter>
    </ClInclude>
    <ClInclude Include="FrontEnd.h">
      <Filter>Front-End &amp; Levels</Filter>
    </ClInclude>
  </ItemGroup>
</Project>